
Microsoft Visual Studio Solution File, Format Version 12.00
# Visual Studio Version 17
VisualStudioVersion = 17.0.32002.185
MinimumVisualStudioVersion = 10.0.40219.1
Project("{9A19103F-16F7-4668-BE54-9A1E7A4F7556}") = "IdentityServerAspNetIdentity", "IdentityServerAspNetIdentity\IdentityServerAspNetIdentity.csproj", "{F559A0C4-E822-4671-A7E7-67640F3EB909}"
EndProject
Project("{9A19103F-16F7-4668-BE54-9A1E7A4F7556}") = "ApiGateway", "ApiGateway\ApiGateway.csproj", "{06F09CBB-9F49-4B78-A487-5F296C431D0C}"
EndProject
Project("{9A19103F-16F7-4668-BE54-9A1E7A4F7556}") = "ServiceA", "ServiceA\ServiceA.csproj", "{2C4C7DC0-2795-4FB4-ABDC-AFA499920572}"
EndProject
Project("{9A19103F-16F7-4668-BE54-9A1E7A4F7556}") = "ServiceB", "ServiceB\ServiceB.csproj", "{6A41D88E-4FC9-4211-9657-F6ADFDC0E564}"
EndProject
Project("{9A19103F-16F7-4668-BE54-9A1E7A4F7556}") = "ServiceC", "ServiceC\ServiceC.csproj", "{52A3C3AB-D6A7-4B4A-998F-37B6201991A9}"
EndProject
Global
	GlobalSection(SolutionConfigurationPlatforms) = preSolution
		Debug|Any CPU = Debug|Any CPU
		Release|Any CPU = Release|Any CPU
	EndGlobalSection
	GlobalSection(ProjectConfigurationPlatforms) = postSolution
		{F559A0C4-E822-4671-A7E7-67640F3EB909}.Debug|Any CPU.ActiveCfg = Debug|Any CPU
		{F559A0C4-E822-4671-A7E7-67640F3EB909}.Debug|Any CPU.Build.0 = Debug|Any CPU
		{F559A0C4-E822-4671-A7E7-67640F3EB909}.Release|Any CPU.ActiveCfg = Release|Any CPU
		{F559A0C4-E822-4671-A7E7-67640F3EB909}.Release|Any CPU.Build.0 = Release|Any CPU
		{06F09CBB-9F49-4B78-A487-5F296C431D0C}.Debug|Any CPU.ActiveCfg = Debug|Any CPU
		{06F09CBB-9F49-4B78-A487-5F296C431D0C}.Debug|Any CPU.Build.0 = Debug|Any CPU
		{06F09CBB-9F49-4B78-A487-5F296C431D0C}.Release|Any CPU.ActiveCfg = Release|Any CPU
		{06F09CBB-9F49-4B78-A487-5F296C431D0C}.Release|Any CPU.Build.0 = Release|Any CPU
		{2C4C7DC0-2795-4FB4-ABDC-AFA499920572}.Debug|Any CPU.ActiveCfg = Debug|Any CPU
		{2C4C7DC0-2795-4FB4-ABDC-AFA499920572}.Debug|Any CPU.Build.0 = Debug|Any CPU
		{2C4C7DC0-2795-4FB4-ABDC-AFA499920572}.Release|Any CPU.ActiveCfg = Release|Any CPU
		{2C4C7DC0-2795-4FB4-ABDC-AFA499920572}.Release|Any CPU.Build.0 = Release|Any CPU
		{6A41D88E-4FC9-4211-9657-F6ADFDC0E564}.Debug|Any CPU.ActiveCfg = Debug|Any CPU
		{6A41D88E-4FC9-4211-9657-F6ADFDC0E564}.Debug|Any CPU.Build.0 = Debug|Any CPU
		{6A41D88E-4FC9-4211-9657-F6ADFDC0E564}.Release|Any CPU.ActiveCfg = Release|Any CPU
		{6A41D88E-4FC9-4211-9657-F6ADFDC0E564}.Release|Any CPU.Build.0 = Release|Any CPU
		{52A3C3AB-D6A7-4B4A-998F-37B6201991A9}.Debug|Any CPU.ActiveCfg = Debug|Any CPU
		{52A3C3AB-D6A7-4B4A-998F-37B6201991A9}.Debug|Any CPU.Build.0 = Debug|Any CPU
		{52A3C3AB-D6A7-4B4A-998F-37B6201991A9}.Release|Any CPU.ActiveCfg = Release|Any CPU
		{52A3C3AB-D6A7-4B4A-998F-37B6201991A9}.Release|Any CPU.Build.0 = Release|Any CPU
	EndGlobalSection
	GlobalSection(SolutionProperties) = preSolution
		HideSolutionNode = FALSE
	EndGlobalSection
	GlobalSection(ExtensibilityGlobals) = postSolution
		SolutionGuid = {125C50F8-A9A0-428F-9890-34BBC0C0F294}
	EndGlobalSection
EndGlobal
